dependencies:
  espressif/cmake_utilities:
    component_hash: 351350613ceafba240b761b4ea991e0f231ac7a9f59a9ee901f751bddc0bb18f
    source:
      service_url: https://api.components.espressif.com/
      type: service
    version: 0.5.3
  espressif/esp_tinyuf2:
    component_hash: db58cc342a398131d87c344cbd57c8d2d65ca8f4fb51f5fdbeab0b1735eccbe7
    source:
      service_url: https://api.components.espressif.com/
      type: service
    version: 0.2.0
  espressif/esp_websocket_client:
    component_hash: af69df6a85b26a1e129814ba033fd0c704cdf925b114d9bf90f885db1bb3f8a9
    source:
      service_url: https://api.components.espressif.com/
      type: service
    version: 1.2.1
  espressif/usb_host_hid:
    component_hash: dc91eb27f0fe87977f98acb1ca491306a2924cbf16186c16bd41d7414644b8f9
    source:
      service_url: https://api.components.espressif.com/
      type: service
    version: 1.0.1~1
  espressif__pwm_audio:
    component_hash: null
    source:
      path: /home/jack/Downloads/craftos-esp/components/espressif__pwm_audio
      type: local
    version: 1.1.1
  idf:
    component_hash: null
    source:
      type: idf
    version: 5.1.2
  joltwallet__littlefs:
    component_hash: null
    source:
      path: /home/jack/Downloads/craftos-esp/components/joltwallet__littlefs
      type: local
    version: 1.12.1
  leeebo/esp-inih:
    component_hash: a2ecd9643d4cf7b3592645579d6ecf0f5c4f07f8ca8f9bafeb1d0f89fd005f38
    source:
      service_url: https://api.components.espressif.com/
      type: service
    version: 0.0.2
  leeebo/tinyusb_src:
    component_hash: 7fb4761ab2f7ff9f53acc78765f9b7df76b43ec20e368e976bd60296346cc780
    source:
      service_url: https://api.components.espressif.com/
      type: service
    version: 0.0.4
manifest_hash: b584b36ebe1c887a38188ff449bdd08141647eb88dc273b9a1255fa6815cc1f1
target: esp32s3
version: 1.0.0
