dependencies:
  espressif/cmake_utilities:
    component_hash: 351350613ceafba240b761b4ea991e0f231ac7a9f59a9ee901f751bddc0bb18f
    source:
      service_url: https://api.components.espressif.com/
      type: service
    version: 0.5.3
  espressif/pwm_audio:
    component_hash: 48a27530549e0c3d69a88f2a8a981feaf908ea1c033e43deb8f1a2ad941a6dd1
    source:
      service_url: https://api.components.espressif.com/
      type: service
    version: 1.1.1
  espressif/usb_host_hid:
    component_hash: dc91eb27f0fe87977f98acb1ca491306a2924cbf16186c16bd41d7414644b8f9
    source:
      service_url: https://api.components.espressif.com/
      type: service
    version: 1.0.1~1
  idf:
    component_hash: null
    source:
      type: idf
    version: 5.1.2
  joltwallet/littlefs:
    component_hash: 1fe7281f5cd587fef17574becd1b553ce0df26ba38ebdc645792e1511b081e3e
    source:
      service_url: https://api.components.espressif.com/
      type: service
    version: 1.12.0
manifest_hash: e4fe2af6d242d96e741f5a4f8987df3b506c65f392ffc4a3190784955c742368
target: esp32s3
version: 1.0.0
